<Solution>
  <Project Path="CriMw.CriWare.Editor.csproj" />
  <Project Path="KinoBloom.Runtime.csproj" />
  <Project Path="Boxophobic.Utils.Scripts.csproj" />
  <Project Path="Assembly-CSharp.csproj" />
  <Project Path="CriMw.CriWare.Runtime.csproj" />
  <Project Path="CFXR.WelcomeScreen.csproj" />
  <Project Path="Boxophobic.Utils.Editor.csproj" />
  <Project Path="CFXREditor.csproj" />
  <Project Path="ToonyColorsPro.Demo.Editor.csproj" />
  <Project Path="CFXRDemo.csproj" />
  <Project Path="CFXRRuntime.csproj" />
  <Project Path="Boxophobic.SkyboxCubemapExtended.Editor.csproj" />
</Solution>
